
Microsoft Visual Studio Solution File, Format Version 12.00
# Visual Studio Version 16
VisualStudioVersion = 16.0.29318.209
MinimumVisualStudioVersion = 10.0.40219.1
Project("{FAE04EC0-301F-11D3-BF4B-00C04F79EFBC}") = "DigitalPersona CSharp", "DigitalPersona CSharp\DigitalPersona CSharp.csproj", "{8F8A7A4F-297D-435A-B420-A0894A1D2606}"
EndProject
Global
	GlobalSection(SolutionConfigurationPlatforms) = preSolution
		Debug|Any CPU = Debug|Any CPU
		Release|Any CPU = Release|Any CPU
	EndGlobalSection
	GlobalSection(ProjectConfigurationPlatforms) = postSolution
		{8F8A7A4F-297D-435A-B420-A0894A1D2606}.Debug|Any CPU.ActiveCfg = Debug|Any CPU
		{8F8A7A4F-297D-435A-B420-A0894A1D2606}.Debug|Any CPU.Build.0 = Debug|Any CPU
		{8F8A7A4F-297D-435A-B420-A0894A1D2606}.Release|Any CPU.ActiveCfg = Release|Any CPU
		{8F8A7A4F-297D-435A-B420-A0894A1D2606}.Release|Any CPU.Build.0 = Release|Any CPU
	EndGlobalSection
	GlobalSection(SolutionProperties) = preSolution
		HideSolutionNode = FALSE
	EndGlobalSection
	GlobalSection(ExtensibilityGlobals) = postSolution
		SolutionGuid = {F3FA6677-7BD7-44B1-92E7-0AA17B937719}
	EndGlobalSection
EndGlobal
